{
  "nodes": {
    "nixpkgs": {
      "locked": {
        "lastModified": 1787962033,
        "narHash": "sha256-SYbFPw4Je7tTpsl5qPqmmxPWuQyA9AGddCDieY5QG5A=",
        "rev": "c5c4a43b0e8056328ec4529f735cabdb8f1942bb",
        "type": "tarball",
        "url": "https://releases.nixos.org/nixos/26.05/nixos-26.05.8639.c5c4a43b0e80/nixexprs.tar.xz"
      },
      "original": {
        "id": "nixpkgs",
        "ref": "nixos-26.05",
        "type": "indirect"
      }
    },
    "root": {
      "inputs": {
        "nixpkgs": "nixpkgs"
      }
    }
  },
  "root": "root",
  "version": 7
}
